
Microsoft Visual Studio Solution File, Format Version 12.00
# Visual Studio Version 17
VisualStudioVersion = 17.14.37012.4 d17.14
MinimumVisualStudioVersion = 10.0.40219.1
Project("{FAE04EC0-301F-11D3-BF4B-00C04F79EFBC}") = "MovieWatchlistAPI", "MovieWatchlistAPI.csproj", "{545463D3-E0D8-4716-B8C8-A2D4BD42B310}"
EndProject
Global
	GlobalSection(SolutionConfigurationPlatforms) = preSolution
		Debug|Any CPU = Debug|Any CPU
		Release|Any CPU = Release|Any CPU
	EndGlobalSection
	GlobalSection(ProjectConfigurationPlatforms) = postSolution
		{545463D3-E0D8-4716-B8C8-A2D4BD42B310}.Debug|Any CPU.ActiveCfg = Debug|Any CPU
		{545463D3-E0D8-4716-B8C8-A2D4BD42B310}.Debug|Any CPU.Build.0 = Debug|Any CPU
		{545463D3-E0D8-4716-B8C8-A2D4BD42B310}.Release|Any CPU.ActiveCfg = Release|Any CPU
		{545463D3-E0D8-4716-B8C8-A2D4BD42B310}.Release|Any CPU.Build.0 = Release|Any CPU
	EndGlobalSection
	GlobalSection(SolutionProperties) = preSolution
		HideSolutionNode = FALSE
	EndGlobalSection
	GlobalSection(ExtensibilityGlobals) = postSolution
		SolutionGuid = {B2BE7AC1-8856-4FB1-95E0-A9CDF39CE2F0}
	EndGlobalSection
EndGlobal
